
Microsoft Visual Studio Solution File, Format Version 12.00
# Visual Studio Version 17
VisualStudioVersion = 17.12.35527.113 d17.12
MinimumVisualStudioVersion = 10.0.40219.1
Project("{FAE04EC0-301F-11D3-BF4B-00C04F79EFBC}") = "PersonalFinanceTracker", "PersonalFinanceTracker.csproj", "{D583FB1E-44DB-486C-9E80-8C153D737A7B}"
EndProject
Project("{FAE04EC0-301F-11D3-BF4B-00C04F79EFBC}") = "PersonalFinanceTracker.SQL", "..\PersonalFinanceTracker.SQL\PersonalFinanceTracker.SQL.csproj", "{B7A75499-6278-409F-B63D-52AFC8E14294}"
EndProject
Project("{FAE04EC0-301F-11D3-BF4B-00C04F79EFBC}") = "PersonalFinanceTracker.Service", "..\PersonalFinanceTracker.Service\PersonalFinanceTracker.Service.csproj", "{4C8FCD77-BECF-49EC-92CD-33BC7916E47C}"
EndProject
Project("{FAE04EC0-301F-11D3-BF4B-00C04F79EFBC}") = "PersonalFinanceTracker.Model", "..\PersonalFinanceTracker.Model\PersonalFinanceTracker.Model.csproj", "{5B91545C-A955-4F93-B14C-0BA8B4DCA054}"
EndProject
Global
	GlobalSection(SolutionConfigurationPlatforms) = preSolution
		Debug|Any CPU = Debug|Any CPU
		Release|Any CPU = Release|Any CPU
	EndGlobalSection
	GlobalSection(ProjectConfigurationPlatforms) = postSolution
		{D583FB1E-44DB-486C-9E80-8C153D737A7B}.Debug|Any CPU.ActiveCfg = Debug|Any CPU
		{D583FB1E-44DB-486C-9E80-8C153D737A7B}.Debug|Any CPU.Build.0 = Debug|Any CPU
		{D583FB1E-44DB-486C-9E80-8C153D737A7B}.Release|Any CPU.ActiveCfg = Release|Any CPU
		{D583FB1E-44DB-486C-9E80-8C153D737A7B}.Release|Any CPU.Build.0 = Release|Any CPU
		{B7A75499-6278-409F-B63D-52AFC8E14294}.Debug|Any CPU.ActiveCfg = Debug|Any CPU
		{B7A75499-6278-409F-B63D-52AFC8E14294}.Debug|Any CPU.Build.0 = Debug|Any CPU
		{B7A75499-6278-409F-B63D-52AFC8E14294}.Release|Any CPU.ActiveCfg = Release|Any CPU
		{B7A75499-6278-409F-B63D-52AFC8E14294}.Release|Any CPU.Build.0 = Release|Any CPU
		{4C8FCD77-BECF-49EC-92CD-33BC7916E47C}.Debug|Any CPU.ActiveCfg = Debug|Any CPU
		{4C8FCD77-BECF-49EC-92CD-33BC7916E47C}.Debug|Any CPU.Build.0 = Debug|Any CPU
		{4C8FCD77-BECF-49EC-92CD-33BC7916E47C}.Release|Any CPU.ActiveCfg = Release|Any CPU
		{4C8FCD77-BECF-49EC-92CD-33BC7916E47C}.Release|Any CPU.Build.0 = Release|Any CPU
		{5B91545C-A955-4F93-B14C-0BA8B4DCA054}.Debug|Any CPU.ActiveCfg = Debug|Any CPU
		{5B91545C-A955-4F93-B14C-0BA8B4DCA054}.Debug|Any CPU.Build.0 = Debug|Any CPU
		{5B91545C-A955-4F93-B14C-0BA8B4DCA054}.Release|Any CPU.ActiveCfg = Release|Any CPU
		{5B91545C-A955-4F93-B14C-0BA8B4DCA054}.Release|Any CPU.Build.0 = Release|Any CPU
	EndGlobalSection
	GlobalSection(SolutionProperties) = preSolution
		HideSolutionNode = FALSE
	EndGlobalSection
EndGlobal
